Microsoft Visual Studio Solution File, Format Version 12.00
# Visual Studio Version 17
VisualStudioVersion = 17.5.2.0
MinimumVisualStudioVersion = 10.0.40219.1
Project("{FAE04EC0-301F-11D3-BF4B-00C04F79EFBC}") = "app-ollama", "app-ollama\app-ollama.csproj", "{A3A700AD-B22F-5A6D-758D-8FBD2F5D39AB}"
EndProject
Global
	GlobalSection(SolutionConfigurationPlatforms) = preSolution
		Debug|Any CPU = Debug|Any CPU
		Release|Any CPU = Release|Any CPU
	EndGlobalSection
	GlobalSection(ProjectConfigurationPlatforms) = postSolution
		{A3A700AD-B22F-5A6D-758D-8FBD2F5D39AB}.Debug|Any CPU.ActiveCfg = Debug|Any CPU
		{A3A700AD-B22F-5A6D-758D-8FBD2F5D39AB}.Debug|Any CPU.Build.0 = Debug|Any CPU
		{A3A700AD-B22F-5A6D-758D-8FBD2F5D39AB}.Release|Any CPU.ActiveCfg = Release|Any CPU
		{A3A700AD-B22F-5A6D-758D-8FBD2F5D39AB}.Release|Any CPU.Build.0 = Release|Any CPU
	EndGlobalSection
	GlobalSection(SolutionProperties) = preSolution
		HideSolutionNode = FALSE
	EndGlobalSection
	GlobalSection(ExtensibilityGlobals) = postSolution
		SolutionGuid = {4072D94B-2762-45B1-AE21-234B2D555C12}
	EndGlobalSection
EndGlobal
